
Microsoft Visual Studio Solution File, Format Version 12.00
# Visual Studio Version 17
VisualStudioVersion = 17.11.35327.3
MinimumVisualStudioVersion = 10.0.40219.1
Project("{FAE04EC0-301F-11D3-BF4B-00C04F79EFBC}") = "SWAD_ASSG", "SWAD_ASSG\SWAD_ASSG.csproj", "{3EFCE0F6-D035-4FF1-BC9A-BFB83551B4C8}"
EndProject
Global
	GlobalSection(SolutionConfigurationPlatforms) = preSolution
		Debug|Any CPU = Debug|Any CPU
		Release|Any CPU = Release|Any CPU
	EndGlobalSection
	GlobalSection(ProjectConfigurationPlatforms) = postSolution
		{3EFCE0F6-D035-4FF1-BC9A-BFB83551B4C8}.Debug|Any CPU.ActiveCfg = Debug|Any CPU
		{3EFCE0F6-D035-4FF1-BC9A-BFB83551B4C8}.Debug|Any CPU.Build.0 = Debug|Any CPU
		{3EFCE0F6-D035-4FF1-BC9A-BFB83551B4C8}.Release|Any CPU.ActiveCfg = Release|Any CPU
		{3EFCE0F6-D035-4FF1-BC9A-BFB83551B4C8}.Release|Any CPU.Build.0 = Release|Any CPU
	EndGlobalSection
	GlobalSection(SolutionProperties) = preSolution
		HideSolutionNode = FALSE
	EndGlobalSection
	GlobalSection(ExtensibilityGlobals) = postSolution
		SolutionGuid = {7BCA035C-92C6-4515-AB31-6B3997F97A13}
	EndGlobalSection
EndGlobal
